
Microsoft Visual Studio Solution File, Format Version 12.00
# Visual Studio 14
VisualStudioVersion = 14.0.25123.0
MinimumVisualStudioVersion = 10.0.40219.1
Project("{FAE04EC0-301F-11D3-BF4B-00C04F79EFBC}") = "HelloC", "HelloC\HelloC.csproj", "{C6CCE312-E692-47E0-AA7C-428A81C61081}"
EndProject
Global
	GlobalSection(SolutionConfigurationPlatforms) = preSolution
		Debug|Any CPU = Debug|Any CPU
		Release|Any CPU = Release|Any CPU
	EndGlobalSection
	GlobalSection(ProjectConfigurationPlatforms) = postSolution
		{C6CCE312-E692-47E0-AA7C-428A81C61081}.Debug|Any CPU.ActiveCfg = Debug|Any CPU
		{C6CCE312-E692-47E0-AA7C-428A81C61081}.Debug|Any CPU.Build.0 = Debug|Any CPU
		{C6CCE312-E692-47E0-AA7C-428A81C61081}.Release|Any CPU.ActiveCfg = Release|Any CPU
		{C6CCE312-E692-47E0-AA7C-428A81C61081}.Release|Any CPU.Build.0 = Release|Any CPU
	EndGlobalSection
	GlobalSection(SolutionProperties) = preSolution
		HideSolutionNode = FALSE
	EndGlobalSection
EndGlobal
